PODS:
  - battery_plus (1.0.0):
    - Flutter
  - Flutter (1.0.0)
  - fplayer (0.0.1):
    - Flutter
    - fplayer-core (= 0.0.1)
  - fplayer-core (0.0.1)
  - shared_preferences_ios (0.0.1):
    - Flutter

DEPENDENCIES:
  - battery_plus (from `.symlinks/plugins/battery_plus/ios`)
  - Flutter (from `Flutter`)
  - fplayer (from `.symlinks/plugins/fplayer/ios`)
  - shared_preferences_ios (from `.symlinks/plugins/shared_preferences_ios/ios`)

SPEC REPOS:
  trunk:
    - fplayer-core

EXTERNAL SOURCES:
  battery_plus:
    :path: ".symlinks/plugins/battery_plus/ios"
  Flutter:
    :path: Flutter
  fplayer:
    :path: ".symlinks/plugins/fplayer/ios"
  shared_preferences_ios:
    :path: ".symlinks/plugins/shared_preferences_ios/ios"

SPEC CHECKSUMS:
  battery_plus: 7851ab482c336dd101ae735dc9363f01e1223c7c
  Flutter: f04841e97a9d0b0a8025694d0796dd46242b2854
  fplayer: c580e1c5aec0e9245f0167c1ac95a2b3a4bec241
  fplayer-core: d5cca3602b062cf8dc2dabc0270edbb41c8625c0
  shared_preferences_ios: 548a61f8053b9b8a49ac19c1ffbc8b92c50d68ad

PODFILE CHECKSUM: 663715e941f9adb426e33bf9376914006f9ea95b

COCOAPODS: 1.11.3
